
Microsoft Visual Studio Solution File, Format Version 12.00
# Visual Studio Version 17
VisualStudioVersion = 17.2.32630.192
MinimumVisualStudioVersion = 10.0.40219.1
Project("{9A19103F-16F7-4668-BE54-9A1E7A4F7556}") = "MPT Write Reborn", "MPT Write Reborn\MPT Write Reborn.csproj", "{18F694AD-E383-49D2-9B6E-1BE9ADEAD28F}"
EndProject
Project("{FAE04EC0-301F-11D3-BF4B-00C04F79EFBC}") = "DomainLair", "DomainLair\DomainLair.csproj", "{941B4ACD-B1DB-4154-8633-D9C59AD31EEA}"
EndProject
Global
	GlobalSection(SolutionConfigurationPlatforms) = preSolution
		Debug|Any CPU = Debug|Any CPU
		Release|Any CPU = Release|Any CPU
	EndGlobalSection
	GlobalSection(ProjectConfigurationPlatforms) = postSolution
		{18F694AD-E383-49D2-9B6E-1BE9ADEAD28F}.Debug|Any CPU.ActiveCfg = Debug|Any CPU
		{18F694AD-E383-49D2-9B6E-1BE9ADEAD28F}.Debug|Any CPU.Build.0 = Debug|Any CPU
		{18F694AD-E383-49D2-9B6E-1BE9ADEAD28F}.Release|Any CPU.ActiveCfg = Release|Any CPU
		{18F694AD-E383-49D2-9B6E-1BE9ADEAD28F}.Release|Any CPU.Build.0 = Release|Any CPU
		{941B4ACD-B1DB-4154-8633-D9C59AD31EEA}.Debug|Any CPU.ActiveCfg = Debug|Any CPU
		{941B4ACD-B1DB-4154-8633-D9C59AD31EEA}.Debug|Any CPU.Build.0 = Debug|Any CPU
		{941B4ACD-B1DB-4154-8633-D9C59AD31EEA}.Release|Any CPU.ActiveCfg = Release|Any CPU
		{941B4ACD-B1DB-4154-8633-D9C59AD31EEA}.Release|Any CPU.Build.0 = Release|Any CPU
	EndGlobalSection
	GlobalSection(SolutionProperties) = preSolution
		HideSolutionNode = FALSE
	EndGlobalSection
	GlobalSection(ExtensibilityGlobals) = postSolution
		SolutionGuid = {86A59D85-F960-463B-9C73-C3C108F174E0}
	EndGlobalSection
EndGlobal
